# THIS IS AN AUTOGENERATED FILE. DO NOT EDIT THIS FILE DIRECTLY.
# yarn lockfile v1


"@tauri-apps/cli-darwin-arm64@2.2.5":
  version "2.2.5"
  resolved "https://registry.yarnpkg.com/@tauri-apps/cli-darwin-arm64/-/cli-darwin-arm64-2.2.5.tgz#6a4265d99120c5464cd9df6deec5aad3f028bf67"
  integrity sha512-qdPmypQE7qj62UJy3Wl/ccCJZwsv5gyBByOrAaG7u5c/PB3QSxhNPegice2k4EHeIuApaVJOoe/CEYVgm/og2Q==

"@tauri-apps/cli-darwin-x64@2.2.5":
  version "2.2.5"
  resolved "https://registry.yarnpkg.com/@tauri-apps/cli-darwin-x64/-/cli-darwin-x64-2.2.5.tgz#0e3f5645da1f9ef080cfab99758a9b67023f0802"
  integrity sha512-8JVlCAb2c3n0EcGW7n/1kU4Rq831SsoLDD/0hNp85Um8HGIH2Mg/qos/MLOc8Qv2mOaoKcRKf4hd0I1y0Rl9Cg==

"@tauri-apps/cli-linux-arm-gnueabihf@2.2.5":
  version "2.2.5"
  resolved "https://registry.yarnpkg.com/@tauri-apps/cli-linux-arm-gnueabihf/-/cli-linux-arm-gnueabihf-2.2.5.tgz#5d73875a9e084794eb8aa02b6d6967839439941d"
  integrity sha512-mzxQCqZg7ljRVgekPpXQ5TOehCNgnXh/DNWU6kFjALaBvaw4fGzc369/hV94wOt29htNFyxf8ty2DaQaYljEHw==

"@tauri-apps/cli-linux-arm64-gnu@2.2.5":
  version "2.2.5"
  resolved "https://registry.yarnpkg.com/@tauri-apps/cli-linux-arm64-gnu/-/cli-linux-arm64-gnu-2.2.5.tgz#8ea9d3e00af8970cda6873d94ba91972e1049234"
  integrity sha512-M9nkzx5jsSJSNpp7aSza0qv0/N13SUNzH8ysYSZ7IaCN8coGeMg2KgQ5qC6tqUVij2rbg8A/X1n0pPo/gtLx0A==

"@tauri-apps/cli-linux-arm64-musl@2.2.5":
  version "2.2.5"
  resolved "https://registry.yarnpkg.com/@tauri-apps/cli-linux-arm64-musl/-/cli-linux-arm64-musl-2.2.5.tgz#9ca4d6bcacef3b92c576bd2fbb9fa147071c97ad"
  integrity sha512-tFhZu950HNRLR1RM5Q9Xj5gAlA6AhyyiZgeoXGFAWto+s2jpWmmA3Qq2GUxnVDr7Xui8PF4UY5kANDIOschuwg==

"@tauri-apps/cli-linux-x64-gnu@2.2.5":
  version "2.2.5"
  resolved "https://registry.yarnpkg.com/@tauri-apps/cli-linux-x64-gnu/-/cli-linux-x64-gnu-2.2.5.tgz#29956ad3b40762c592ff54293928212f0a809572"
  integrity sha512-eaGhTQLr3EKeksGsp2tK/Ndi7/oyo3P53Pye6kg0zqXiqu8LQjg1CgvDm1l+5oit04S60zR4AqlDFpoeEtDGgw==

"@tauri-apps/cli-linux-x64-musl@2.2.5":
  version "2.2.5"
  resolved "https://registry.yarnpkg.com/@tauri-apps/cli-linux-x64-musl/-/cli-linux-x64-musl-2.2.5.tgz#a3c017496db78a8bca6734516d7d66f14313d940"
  integrity sha512-NLAO/SymDxeGuOWWQZCpwoED1K1jaHUvW+u9ip+rTetnxFPLvf3zXthx4QVKfCZLdj2WLQz4cLjHyQdMDXAM+w==

"@tauri-apps/cli-win32-arm64-msvc@2.2.5":
  version "2.2.5"
  resolved "https://registry.yarnpkg.com/@tauri-apps/cli-win32-arm64-msvc/-/cli-win32-arm64-msvc-2.2.5.tgz#60df26f2153eec8dbfb72fdd63945eb04f74b7da"
  integrity sha512-yG5KFbqrHfGjkAQAaaCD4i7cJklBjmMxZ2C92DEnqCOujSsEuLxrwwoKxQ4+hqEHOmF3lyX0vfqhgZcS03H38w==

"@tauri-apps/cli-win32-ia32-msvc@2.2.5":
  version "2.2.5"
  resolved "https://registry.yarnpkg.com/@tauri-apps/cli-win32-ia32-msvc/-/cli-win32-ia32-msvc-2.2.5.tgz#b79ea1b43b703791155d0263543501efc221e655"
  integrity sha512-G5lq+2EdxOc8ttg3uhME5t9U3hMGTxwaKz0X4DplTG2Iv4lcNWqw/AESIJVHa5a+EB+ZCC8I+yOfIykp/Cd5mQ==

"@tauri-apps/cli-win32-x64-msvc@2.2.5":
  version "2.2.5"
  resolved "https://registry.yarnpkg.com/@tauri-apps/cli-win32-x64-msvc/-/cli-win32-x64-msvc-2.2.5.tgz#97e6a244ca74d8069a242272f1e71c03582b0ed4"
  integrity sha512-vw4fPVOo0rIQIlqw6xUvK2nwiRFBHNgayDE2Z/SomJlQJAJ1q4VgpHOPl12ouuicmTjK1gWKm7RTouQe3Nig0Q==

"@tauri-apps/cli@>=2.0.0-rc.0":
  version "2.2.5"
  resolved "https://registry.yarnpkg.com/@tauri-apps/cli/-/cli-2.2.5.tgz#d146f02201c5ab580513db2030de33e9a2a666ce"
  integrity sha512-PaefTQUCYYqvZWdH8EhXQkyJEjQwtoy/OHGoPcZx7Gk3D3K6AtGSxZ9OlHIz3Bu5LDGgVBk36vKtHW0WYsWnbw==
  optionalDependencies:
    "@tauri-apps/cli-darwin-arm64" "2.2.5"
    "@tauri-apps/cli-darwin-x64" "2.2.5"
    "@tauri-apps/cli-linux-arm-gnueabihf" "2.2.5"
    "@tauri-apps/cli-linux-arm64-gnu" "2.2.5"
    "@tauri-apps/cli-linux-arm64-musl" "2.2.5"
    "@tauri-apps/cli-linux-x64-gnu" "2.2.5"
    "@tauri-apps/cli-linux-x64-musl" "2.2.5"
    "@tauri-apps/cli-win32-arm64-msvc" "2.2.5"
    "@tauri-apps/cli-win32-ia32-msvc" "2.2.5"
    "@tauri-apps/cli-win32-x64-msvc" "2.2.5"
